
Microsoft Visual Studio Solution File, Format Version 12.00
# Visual Studio Version 16
VisualStudioVersion = 16.0.29905.134
MinimumVisualStudioVersion = 10.0.40219.1
Project("{FAE04EC0-301F-11D3-BF4B-00C04F79EFBC}") = "PrenotazioneTaxi_Utente", "PrenotazioneTaxi_Utente\PrenotazioneTaxi_Utente.csproj", "{708EE4DD-0DF3-4FE0-93B5-A734C989C1CD}"
EndProject
Project("{2150E333-8FDC-42A3-9474-1A3956D46DE8}") = "Solution Items", "Solution Items", "{5D4D8AC3-42BF-4935-9CD1-3C78AB897405}"
EndProject
Global
	GlobalSection(SolutionConfigurationPlatforms) = preSolution
		Debug|Any CPU = Debug|Any CPU
		Release|Any CPU = Release|Any CPU
	EndGlobalSection
	GlobalSection(ProjectConfigurationPlatforms) = postSolution
		{708EE4DD-0DF3-4FE0-93B5-A734C989C1CD}.Debug|Any CPU.ActiveCfg = Debug|Any CPU
		{708EE4DD-0DF3-4FE0-93B5-A734C989C1CD}.Debug|Any CPU.Build.0 = Debug|Any CPU
		{708EE4DD-0DF3-4FE0-93B5-A734C989C1CD}.Release|Any CPU.ActiveCfg = Release|Any CPU
		{708EE4DD-0DF3-4FE0-93B5-A734C989C1CD}.Release|Any CPU.Build.0 = Release|Any CPU
	EndGlobalSection
	GlobalSection(SolutionProperties) = preSolution
		HideSolutionNode = FALSE
	EndGlobalSection
	GlobalSection(ExtensibilityGlobals) = postSolution
		SolutionGuid = {5D6B4211-F29C-404F-A7D9-B0A65F431225}
	EndGlobalSection
EndGlobal
